
Microsoft Visual Studio Solution File, Format Version 12.00
# Visual Studio Version 16
VisualStudioVersion = 16.0.31402.337
MinimumVisualStudioVersion = 10.0.40219.1
Project("{D954291E-2A0B-460D-934E-DC6B0785DB48}") = "HelloUno.Shared", "HelloUno\HelloUno.Shared\HelloUno.Shared.shproj", "{6279C845-92F8-4333-AB99-3D213163593C}"
EndProject
Project("{2150E333-8FDC-42A3-9474-1A3956D46DE8}") = "Platforms", "Platforms", "{D1A9C073-544B-49C6-82AB-1A38053E24D7}"
EndProject
Project("{FAE04EC0-301F-11D3-BF4B-00C04F79EFBC}") = "HelloUno.Droid", "HelloUno\HelloUno.Droid\HelloUno.Droid.csproj", "{BB0ADAA5-9219-445F-8C88-56EDD16E55E0}"
EndProject
Project("{FAE04EC0-301F-11D3-BF4B-00C04F79EFBC}") = "HelloUno.iOS", "HelloUno\HelloUno.iOS\HelloUno.iOS.csproj", "{40C64808-545C-4764-89DD-E1C26E516144}"
EndProject
Project("{FAE04EC0-301F-11D3-BF4B-00C04F79EFBC}") = "HelloUno.UWP", "HelloUno\HelloUno.UWP\HelloUno.UWP.csproj", "{460ACF05-92BB-457B-A73B-0BF6F647E276}"
EndProject
Project("{FAE04EC0-301F-11D3-BF4B-00C04F79EFBC}") = "HelloUno.Wasm", "HelloUno\HelloUno.Wasm\HelloUno.Wasm.csproj", "{290BD9DE-9A29-4881-8CFA-AFFF63536120}"
EndProject
Project("{FAE04EC0-301F-11D3-BF4B-00C04F79EFBC}") = "HelloUno.macOS", "HelloUno\HelloUno.macOS\HelloUno.macOS.csproj", "{9885D6B9-13B3-47DF-B651-69F12568C42A}"
EndProject
Project("{FAE04EC0-301F-11D3-BF4B-00C04F79EFBC}") = "HelloUno.Skia.Wpf.Host", "HelloUno\HelloUno.Skia.Wpf.Host\HelloUno.Skia.Wpf.Host.csproj", "{1918C448-AC29-4097-8906-3F1AFB3699CB}"
EndProject
Project("{FAE04EC0-301F-11D3-BF4B-00C04F79EFBC}") = "HelloUno.Skia.Wpf", "HelloUno\HelloUno.Skia.Wpf\HelloUno.Skia.Wpf.csproj", "{670C9775-BAA8-492C-9B29-C1B9B07AAAE4}"
EndProject
Project("{FAE04EC0-301F-11D3-BF4B-00C04F79EFBC}") = "HelloUno.Skia.Gtk", "HelloUno\HelloUno.Skia.Gtk\HelloUno.Skia.Gtk.csproj", "{54034292-3698-4B3C-90D9-76CD6E51357F}"
EndProject
Project("{FAE04EC0-301F-11D3-BF4B-00C04F79EFBC}") = "HelloUno.Skia.Tizen", "HelloUno\HelloUno.Skia.Tizen\HelloUno.Skia.Tizen.csproj", "{AF7336D4-D42C-4831-9BA5-E6EE352F5C0E}"
EndProject
Global
	GlobalSection(SharedMSBuildProjectFiles) = preSolution
		HelloUno\HelloUno.Shared\HelloUno.Shared.projitems*{290bd9de-9a29-4881-8cfa-afff63536120}*SharedItemsImports = 5
		HelloUno\HelloUno.Shared\HelloUno.Shared.projitems*{40c64808-545c-4764-89dd-e1c26e516144}*SharedItemsImports = 4
		HelloUno\HelloUno.Shared\HelloUno.Shared.projitems*{460acf05-92bb-457b-a73b-0bf6f647e276}*SharedItemsImports = 4
		HelloUno\HelloUno.Shared\HelloUno.Shared.projitems*{54034292-3698-4b3c-90d9-76cd6e51357f}*SharedItemsImports = 5
		HelloUno\HelloUno.Shared\HelloUno.Shared.projitems*{6279c845-92f8-4333-ab99-3d213163593c}*SharedItemsImports = 13
		HelloUno\HelloUno.Shared\HelloUno.Shared.projitems*{670c9775-baa8-492c-9b29-c1b9b07aaae4}*SharedItemsImports = 5
		HelloUno\HelloUno.Shared\HelloUno.Shared.projitems*{9885d6b9-13b3-47df-b651-69f12568c42a}*SharedItemsImports = 4
		HelloUno\HelloUno.Shared\HelloUno.Shared.projitems*{af7336d4-d42c-4831-9ba5-e6ee352f5c0e}*SharedItemsImports = 5
		HelloUno\HelloUno.Shared\HelloUno.Shared.projitems*{bb0adaa5-9219-445f-8c88-56edd16e55e0}*SharedItemsImports = 4
	EndGlobalSection
	GlobalSection(SolutionConfigurationPlatforms) = preSolution
		Ad-Hoc|Any CPU = Ad-Hoc|Any CPU
		Ad-Hoc|ARM = Ad-Hoc|ARM
		Ad-Hoc|ARM64 = Ad-Hoc|ARM64
		Ad-Hoc|iPhone = Ad-Hoc|iPhone
		Ad-Hoc|iPhoneSimulator = Ad-Hoc|iPhoneSimulator
		Ad-Hoc|x64 = Ad-Hoc|x64
		Ad-Hoc|x86 = Ad-Hoc|x86
		AppStore|Any CPU = AppStore|Any CPU
		AppStore|ARM = AppStore|ARM
		AppStore|ARM64 = AppStore|ARM64
		AppStore|iPhone = AppStore|iPhone
		AppStore|iPhoneSimulator = AppStore|iPhoneSimulator
		AppStore|x64 = AppStore|x64
		AppStore|x86 = AppStore|x86
		Debug|Any CPU = Debug|Any CPU
		Debug|ARM = Debug|ARM
		Debug|ARM64 = Debug|ARM64
		Debug|iPhone = Debug|iPhone
		Debug|iPhoneSimulator = Debug|iPhoneSimulator
		Debug|x64 = Debug|x64
		Debug|x86 = Debug|x86
		Release|Any CPU = Release|Any CPU
		Release|ARM = Release|ARM
		Release|ARM64 = Release|ARM64
		Release|iPhone = Release|iPhone
		Release|iPhoneSimulator = Release|iPhoneSimulator
		Release|x64 = Release|x64
		Release|x86 = Release|x86
	EndGlobalSection
	GlobalSection(ProjectConfigurationPlatforms) = postSolution
		{BB0ADAA5-9219-445F-8C88-56EDD16E55E0}.Ad-Hoc|Any CPU.ActiveCfg = Debug|Any CPU
		{BB0ADAA5-9219-445F-8C88-56EDD16E55E0}.Ad-Hoc|Any CPU.Build.0 = Debug|Any CPU
		{BB0ADAA5-9219-445F-8C88-56EDD16E55E0}.Ad-Hoc|Any CPU.Deploy.0 = Debug|Any CPU
		{BB0ADAA5-9219-445F-8C88-56EDD16E55E0}.Ad-Hoc|ARM.ActiveCfg = Debug|Any CPU
		{BB0ADAA5-9219-445F-8C88-56EDD16E55E0}.Ad-Hoc|ARM.Build.0 = Debug|Any CPU
		{BB0ADAA5-9219-445F-8C88-56EDD16E55E0}.Ad-Hoc|ARM.Deploy.0 = Debug|Any CPU
		{BB0ADAA5-9219-445F-8C88-56EDD16E55E0}.Ad-Hoc|ARM64.ActiveCfg = Debug|Any CPU
		{BB0ADAA5-9219-445F-8C88-56EDD16E55E0}.Ad-Hoc|ARM64.Build.0 = Debug|Any CPU
		{BB0ADAA5-9219-445F-8C88-56EDD16E55E0}.Ad-Hoc|ARM64.Deploy.0 = Debug|Any CPU
		{BB0ADAA5-9219-445F-8C88-56EDD16E55E0}.Ad-Hoc|iPhone.ActiveCfg = Debug|Any CPU
		{BB0ADAA5-9219-445F-8C88-56EDD16E55E0}.Ad-Hoc|iPhone.Build.0 = Debug|Any CPU
		{BB0ADAA5-9219-445F-8C88-56EDD16E55E0}.Ad-Hoc|iPhone.Deploy.0 = Debug|Any CPU
		{BB0ADAA5-9219-445F-8C88-56EDD16E55E0}.Ad-Hoc|iPhoneSimulator.ActiveCfg = Debug|Any CPU
		{BB0ADAA5-9219-445F-8C88-56EDD16E55E0}.Ad-Hoc|iPhoneSimulator.Build.0 = Debug|Any CPU
		{BB0ADAA5-9219-445F-8C88-56EDD16E55E0}.Ad-Hoc|iPhoneSimulator.Deploy.0 = Debug|Any CPU
		{BB0ADAA5-9219-445F-8C88-56EDD16E55E0}.Ad-Hoc|x64.ActiveCfg = Debug|Any CPU
		{BB0ADAA5-9219-445F-8C88-56EDD16E55E0}.Ad-Hoc|x64.Build.0 = Debug|Any CPU
		{BB0ADAA5-9219-445F-8C88-56EDD16E55E0}.Ad-Hoc|x64.Deploy.0 = Debug|Any CPU
		{BB0ADAA5-9219-445F-8C88-56EDD16E55E0}.Ad-Hoc|x86.ActiveCfg = Debug|Any CPU
		{BB0ADAA5-9219-445F-8C88-56EDD16E55E0}.Ad-Hoc|x86.Build.0 = Debug|Any CPU
		{BB0ADAA5-9219-445F-8C88-56EDD16E55E0}.Ad-Hoc|x86.Deploy.0 = Debug|Any CPU
		{BB0ADAA5-9219-445F-8C88-56EDD16E55E0}.AppStore|Any CPU.ActiveCfg = Debug|Any CPU
		{BB0ADAA5-9219-445F-8C88-56EDD16E55E0}.AppStore|Any CPU.Build.0 = Debug|Any CPU
		{BB0ADAA5-9219-445F-8C88-56EDD16E55E0}.AppStore|Any CPU.Deploy.0 = Debug|Any CPU
		{BB0ADAA5-9219-445F-8C88-56EDD16E55E0}.AppStore|ARM.ActiveCfg = Debug|Any CPU
		{BB0ADAA5-9219-445F-8C88-56EDD16E55E0}.AppStore|ARM.Build.0 = Debug|Any CPU
		{BB0ADAA5-9219-445F-8C88-56EDD16E55E0}.AppStore|ARM.Deploy.0 = Debug|Any CPU
		{BB0ADAA5-9219-445F-8C88-56EDD16E55E0}.AppStore|ARM64.ActiveCfg = Debug|Any CPU
		{BB0ADAA5-9219-445F-8C88-56EDD16E55E0}.AppStore|ARM64.Build.0 = Debug|Any CPU
		{BB0ADAA5-9219-445F-8C88-56EDD16E55E0}.AppStore|ARM64.Deploy.0 = Debug|Any CPU
		{BB0ADAA5-9219-445F-8C88-56EDD16E55E0}.AppStore|iPhone.ActiveCfg = Debug|Any CPU
		{BB0ADAA5-9219-445F-8C88-56EDD16E55E0}.AppStore|iPhone.Build.0 = Debug|Any CPU
		{BB0ADAA5-9219-445F-8C88-56EDD16E55E0}.AppStore|iPhone.Deploy.0 = Debug|Any CPU
		{BB0ADAA5-9219-445F-8C88-56EDD16E55E0}.AppStore|iPhoneSimulator.ActiveCfg = Debug|Any CPU
		{BB0ADAA5-9219-445F-8C88-56EDD16E55E0}.AppStore|iPhoneSimulator.Build.0 = Debug|Any CPU
		{BB0ADAA5-9219-445F-8C88-56EDD16E55E0}.AppStore|iPhoneSimulator.Deploy.0 = Debug|Any CPU
		{BB0ADAA5-9219-445F-8C88-56EDD16E55E0}.AppStore|x64.ActiveCfg = Debug|Any CPU
		{BB0ADAA5-9219-445F-8C88-56EDD16E55E0}.AppStore|x64.Build.0 = Debug|Any CPU
		{BB0ADAA5-9219-445F-8C88-56EDD16E55E0}.AppStore|x64.Deploy.0 = Debug|Any CPU
		{BB0ADAA5-9219-445F-8C88-56EDD16E55E0}.AppStore|x86.ActiveCfg = Debug|Any CPU
		{BB0ADAA5-9219-445F-8C88-56EDD16E55E0}.AppStore|x86.Build.0 = Debug|Any CPU
		{BB0ADAA5-9219-445F-8C88-56EDD16E55E0}.AppStore|x86.Deploy.0 = Debug|Any CPU
		{BB0ADAA5-9219-445F-8C88-56EDD16E55E0}.Debug|Any CPU.ActiveCfg = Debug|Any CPU
		{BB0ADAA5-9219-445F-8C88-56EDD16E55E0}.Debug|Any CPU.Build.0 = Debug|Any CPU
		{BB0ADAA5-9219-445F-8C88-56EDD16E55E0}.Debug|Any CPU.Deploy.0 = Debug|Any CPU
		{BB0ADAA5-9219-445F-8C88-56EDD16E55E0}.Debug|ARM.ActiveCfg = Debug|Any CPU
		{BB0ADAA5-9219-445F-8C88-56EDD16E55E0}.Debug|ARM.Build.0 = Debug|Any CPU
		{BB0ADAA5-9219-445F-8C88-56EDD16E55E0}.Debug|ARM.Deploy.0 = Debug|Any CPU
		{BB0ADAA5-9219-445F-8C88-56EDD16E55E0}.Debug|ARM64.ActiveCfg = Debug|Any CPU
		{BB0ADAA5-9219-445F-8C88-56EDD16E55E0}.Debug|ARM64.Build.0 = Debug|Any CPU
		{BB0ADAA5-9219-445F-8C88-56EDD16E55E0}.Debug|ARM64.Deploy.0 = Debug|Any CPU
		{BB0ADAA5-9219-445F-8C88-56EDD16E55E0}.Debug|iPhone.ActiveCfg = Debug|Any CPU
		{BB0ADAA5-9219-445F-8C88-56EDD16E55E0}.Debug|iPhone.Build.0 = Debug|Any CPU
		{BB0ADAA5-9219-445F-8C88-56EDD16E55E0}.Debug|iPhone.Deploy.0 = Debug|Any CPU
		{BB0ADAA5-9219-445F-8C88-56EDD16E55E0}.Debug|iPhoneSimulator.ActiveCfg = Debug|Any CPU
		{BB0ADAA5-9219-445F-8C88-56EDD16E55E0}.Debug|iPhoneSimulator.Build.0 = Debug|Any CPU
		{BB0ADAA5-9219-445F-8C88-56EDD16E55E0}.Debug|iPhoneSimulator.Deploy.0 = Debug|Any CPU
		{BB0ADAA5-9219-445F-8C88-56EDD16E55E0}.Debug|x64.ActiveCfg = Debug|Any CPU
		{BB0ADAA5-9219-445F-8C88-56EDD16E55E0}.Debug|x64.Build.0 = Debug|Any CPU
		{BB0ADAA5-9219-445F-8C88-56EDD16E55E0}.Debug|x64.Deploy.0 = Debug|Any CPU
		{BB0ADAA5-9219-445F-8C88-56EDD16E55E0}.Debug|x86.ActiveCfg = Debug|Any CPU
		{BB0ADAA5-9219-445F-8C88-56EDD16E55E0}.Debug|x86.Build.0 = Debug|Any CPU
		{BB0ADAA5-9219-445F-8C88-56EDD16E55E0}.Debug|x86.Deploy.0 = Debug|Any CPU
		{BB0ADAA5-9219-445F-8C88-56EDD16E55E0}.Release|Any CPU.ActiveCfg = Release|Any CPU
		{BB0ADAA5-9219-445F-8C88-56EDD16E55E0}.Release|Any CPU.Build.0 = Release|Any CPU
		{BB0ADAA5-9219-445F-8C88-56EDD16E55E0}.Release|Any CPU.Deploy.0 = Release|Any CPU
		{BB0ADAA5-9219-445F-8C88-56EDD16E55E0}.Release|ARM.ActiveCfg = Release|Any CPU
		{BB0ADAA5-9219-445F-8C88-56EDD16E55E0}.Release|ARM.Build.0 = Release|Any CPU
		{BB0ADAA5-9219-445F-8C88-56EDD16E55E0}.Release|ARM.Deploy.0 = Release|Any CPU
		{BB0ADAA5-9219-445F-8C88-56EDD16E55E0}.Release|ARM64.ActiveCfg = Release|Any CPU
		{BB0ADAA5-9219-445F-8C88-56EDD16E55E0}.Release|ARM64.Build.0 = Release|Any CPU
		{BB0ADAA5-9219-445F-8C88-56EDD16E55E0}.Release|ARM64.Deploy.0 = Release|Any CPU
		{BB0ADAA5-9219-445F-8C88-56EDD16E55E0}.Release|iPhone.ActiveCfg = Release|Any CPU
		{BB0ADAA5-9219-445F-8C88-56EDD16E55E0}.Release|iPhone.Build.0 = Release|Any CPU
		{BB0ADAA5-9219-445F-8C88-56EDD16E55E0}.Release|iPhone.Deploy.0 = Release|Any CPU
		{BB0ADAA5-9219-445F-8C88-56EDD16E55E0}.Release|iPhoneSimulator.ActiveCfg = Release|Any CPU
		{BB0ADAA5-9219-445F-8C88-56EDD16E55E0}.Release|iPhoneSimulator.Build.0 = Release|Any CPU
		{BB0ADAA5-9219-445F-8C88-56EDD16E55E0}.Release|iPhoneSimulator.Deploy.0 = Release|Any CPU
		{BB0ADAA5-9219-445F-8C88-56EDD16E55E0}.Release|x64.ActiveCfg = Release|Any CPU
		{BB0ADAA5-9219-445F-8C88-56EDD16E55E0}.Release|x64.Build.0 = Release|Any CPU
		{BB0ADAA5-9219-445F-8C88-56EDD16E55E0}.Release|x64.Deploy.0 = Release|Any CPU
		{BB0ADAA5-9219-445F-8C88-56EDD16E55E0}.Release|x86.ActiveCfg = Release|Any CPU
		{BB0ADAA5-9219-445F-8C88-56EDD16E55E0}.Release|x86.Build.0 = Release|Any CPU
		{BB0ADAA5-9219-445F-8C88-56EDD16E55E0}.Release|x86.Deploy.0 = Release|Any CPU
		{40C64808-545C-4764-89DD-E1C26E516144}.Ad-Hoc|Any CPU.ActiveCfg = Ad-Hoc|iPhoneSimulator
		{40C64808-545C-4764-89DD-E1C26E516144}.Ad-Hoc|ARM.ActiveCfg = Ad-Hoc|iPhoneSimulator
		{40C64808-545C-4764-89DD-E1C26E516144}.Ad-Hoc|ARM64.ActiveCfg = Ad-Hoc|iPhoneSimulator
		{40C64808-545C-4764-89DD-E1C26E516144}.Ad-Hoc|iPhone.ActiveCfg = Ad-Hoc|iPhone
		{40C64808-545C-4764-89DD-E1C26E516144}.Ad-Hoc|iPhone.Build.0 = Ad-Hoc|iPhone
		{40C64808-545C-4764-89DD-E1C26E516144}.Ad-Hoc|iPhoneSimulator.ActiveCfg = Ad-Hoc|iPhoneSimulator
		{40C64808-545C-4764-89DD-E1C26E516144}.Ad-Hoc|iPhoneSimulator.Build.0 = Ad-Hoc|iPhoneSimulator
		{40C64808-545C-4764-89DD-E1C26E516144}.Ad-Hoc|x64.ActiveCfg = Ad-Hoc|iPhoneSimulator
		{40C64808-545C-4764-89DD-E1C26E516144}.Ad-Hoc|x86.ActiveCfg = Ad-Hoc|iPhoneSimulator
		{40C64808-545C-4764-89DD-E1C26E516144}.AppStore|Any CPU.ActiveCfg = AppStore|iPhoneSimulator
		{40C64808-545C-4764-89DD-E1C26E516144}.AppStore|ARM.ActiveCfg = AppStore|iPhoneSimulator
		{40C64808-545C-4764-89DD-E1C26E516144}.AppStore|ARM64.ActiveCfg = AppStore|iPhoneSimulator
		{40C64808-545C-4764-89DD-E1C26E516144}.AppStore|iPhone.ActiveCfg = AppStore|iPhone
		{40C64808-545C-4764-89DD-E1C26E516144}.AppStore|iPhone.Build.0 = AppStore|iPhone
		{40C64808-545C-4764-89DD-E1C26E516144}.AppStore|iPhoneSimulator.ActiveCfg = AppStore|iPhoneSimulator
		{40C64808-545C-4764-89DD-E1C26E516144}.AppStore|iPhoneSimulator.Build.0 = AppStore|iPhoneSimulator
		{40C64808-545C-4764-89DD-E1C26E516144}.AppStore|x64.ActiveCfg = AppStore|iPhoneSimulator
		{40C64808-545C-4764-89DD-E1C26E516144}.AppStore|x86.ActiveCfg = AppStore|iPhoneSimulator
		{40C64808-545C-4764-89DD-E1C26E516144}.Debug|Any CPU.ActiveCfg = Debug|iPhoneSimulator
		{40C64808-545C-4764-89DD-E1C26E516144}.Debug|ARM.ActiveCfg = Debug|iPhoneSimulator
		{40C64808-545C-4764-89DD-E1C26E516144}.Debug|ARM64.ActiveCfg = Debug|iPhoneSimulator
		{40C64808-545C-4764-89DD-E1C26E516144}.Debug|iPhone.ActiveCfg = Debug|iPhone
		{40C64808-545C-4764-89DD-E1C26E516144}.Debug|iPhone.Build.0 = Debug|iPhone
		{40C64808-545C-4764-89DD-E1C26E516144}.Debug|iPhoneSimulator.ActiveCfg = Debug|iPhoneSimulator
		{40C64808-545C-4764-89DD-E1C26E516144}.Debug|iPhoneSimulator.Build.0 = Debug|iPhoneSimulator
		{40C64808-545C-4764-89DD-E1C26E516144}.Debug|x64.ActiveCfg = Debug|iPhoneSimulator
		{40C64808-545C-4764-89DD-E1C26E516144}.Debug|x86.ActiveCfg = Debug|iPhoneSimulator
		{40C64808-545C-4764-89DD-E1C26E516144}.Release|Any CPU.ActiveCfg = Release|iPhoneSimulator
		{40C64808-545C-4764-89DD-E1C26E516144}.Release|ARM.ActiveCfg = Release|iPhoneSimulator
		{40C64808-545C-4764-89DD-E1C26E516144}.Release|ARM64.ActiveCfg = Release|iPhoneSimulator
		{40C64808-545C-4764-89DD-E1C26E516144}.Release|iPhone.ActiveCfg = Release|iPhone
		{40C64808-545C-4764-89DD-E1C26E516144}.Release|iPhone.Build.0 = Release|iPhone
		{40C64808-545C-4764-89DD-E1C26E516144}.Release|iPhoneSimulator.ActiveCfg = Release|iPhoneSimulator
		{40C64808-545C-4764-89DD-E1C26E516144}.Release|iPhoneSimulator.Build.0 = Release|iPhoneSimulator
		{40C64808-545C-4764-89DD-E1C26E516144}.Release|x64.ActiveCfg = Release|iPhoneSimulator
		{40C64808-545C-4764-89DD-E1C26E516144}.Release|x86.ActiveCfg = Release|iPhoneSimulator
		{460ACF05-92BB-457B-A73B-0BF6F647E276}.Ad-Hoc|Any CPU.ActiveCfg = Debug|x86
		{460ACF05-92BB-457B-A73B-0BF6F647E276}.Ad-Hoc|Any CPU.Build.0 = Debug|x86
		{460ACF05-92BB-457B-A73B-0BF6F647E276}.Ad-Hoc|Any CPU.Deploy.0 = Debug|x86
		{460ACF05-92BB-457B-A73B-0BF6F647E276}.Ad-Hoc|ARM.ActiveCfg = Debug|ARM
		{460ACF05-92BB-457B-A73B-0BF6F647E276}.Ad-Hoc|ARM.Build.0 = Debug|ARM
		{460ACF05-92BB-457B-A73B-0BF6F647E276}.Ad-Hoc|ARM.Deploy.0 = Debug|ARM
		{460ACF05-92BB-457B-A73B-0BF6F647E276}.Ad-Hoc|ARM64.ActiveCfg = Debug|ARM64
		{460ACF05-92BB-457B-A73B-0BF6F647E276}.Ad-Hoc|ARM64.Build.0 = Debug|ARM64
		{460ACF05-92BB-457B-A73B-0BF6F647E276}.Ad-Hoc|ARM64.Deploy.0 = Debug|ARM64
		{460ACF05-92BB-457B-A73B-0BF6F647E276}.Ad-Hoc|iPhone.ActiveCfg = Debug|x86
		{460ACF05-92BB-457B-A73B-0BF6F647E276}.Ad-Hoc|iPhone.Build.0 = Debug|x86
		{460ACF05-92BB-457B-A73B-0BF6F647E276}.Ad-Hoc|iPhone.Deploy.0 = Debug|x86
		{460ACF05-92BB-457B-A73B-0BF6F647E276}.Ad-Hoc|iPhoneSimulator.ActiveCfg = Debug|x86
		{460ACF05-92BB-457B-A73B-0BF6F647E276}.Ad-Hoc|iPhoneSimulator.Build.0 = Debug|x86
		{460ACF05-92BB-457B-A73B-0BF6F647E276}.Ad-Hoc|iPhoneSimulator.Deploy.0 = Debug|x86
		{460ACF05-92BB-457B-A73B-0BF6F647E276}.Ad-Hoc|x64.ActiveCfg = Debug|x64
		{460ACF05-92BB-457B-A73B-0BF6F647E276}.Ad-Hoc|x64.Build.0 = Debug|x64
		{460ACF05-92BB-457B-A73B-0BF6F647E276}.Ad-Hoc|x64.Deploy.0 = Debug|x64
		{460ACF05-92BB-457B-A73B-0BF6F647E276}.Ad-Hoc|x86.ActiveCfg = Debug|x86
		{460ACF05-92BB-457B-A73B-0BF6F647E276}.Ad-Hoc|x86.Build.0 = Debug|x86
		{460ACF05-92BB-457B-A73B-0BF6F647E276}.Ad-Hoc|x86.Deploy.0 = Debug|x86
		{460ACF05-92BB-457B-A73B-0BF6F647E276}.AppStore|Any CPU.ActiveCfg = Debug|x86
		{460ACF05-92BB-457B-A73B-0BF6F647E276}.AppStore|Any CPU.Build.0 = Debug|x86
		{460ACF05-92BB-457B-A73B-0BF6F647E276}.AppStore|Any CPU.Deploy.0 = Debug|x86
		{460ACF05-92BB-457B-A73B-0BF6F647E276}.AppStore|ARM.ActiveCfg = Debug|ARM
		{460ACF05-92BB-457B-A73B-0BF6F647E276}.AppStore|ARM.Build.0 = Debug|ARM
		{460ACF05-92BB-457B-A73B-0BF6F647E276}.AppStore|ARM.Deploy.0 = Debug|ARM
		{460ACF05-92BB-457B-A73B-0BF6F647E276}.AppStore|ARM64.ActiveCfg = Debug|ARM64
		{460ACF05-92BB-457B-A73B-0BF6F647E276}.AppStore|ARM64.Build.0 = Debug|ARM64
		{460ACF05-92BB-457B-A73B-0BF6F647E276}.AppStore|ARM64.Deploy.0 = Debug|ARM64
		{460ACF05-92BB-457B-A73B-0BF6F647E276}.AppStore|iPhone.ActiveCfg = Debug|x86
		{460ACF05-92BB-457B-A73B-0BF6F647E276}.AppStore|iPhone.Build.0 = Debug|x86
		{460ACF05-92BB-457B-A73B-0BF6F647E276}.AppStore|iPhone.Deploy.0 = Debug|x86
		{460ACF05-92BB-457B-A73B-0BF6F647E276}.AppStore|iPhoneSimulator.ActiveCfg = Debug|x86
		{460ACF05-92BB-457B-A73B-0BF6F647E276}.AppStore|iPhoneSimulator.Build.0 = Debug|x86
		{460ACF05-92BB-457B-A73B-0BF6F647E276}.AppStore|iPhoneSimulator.Deploy.0 = Debug|x86
		{460ACF05-92BB-457B-A73B-0BF6F647E276}.AppStore|x64.ActiveCfg = Debug|x64
		{460ACF05-92BB-457B-A73B-0BF6F647E276}.AppStore|x64.Build.0 = Debug|x64
		{460ACF05-92BB-457B-A73B-0BF6F647E276}.AppStore|x64.Deploy.0 = Debug|x64
		{460ACF05-92BB-457B-A73B-0BF6F647E276}.AppStore|x86.ActiveCfg = Debug|x86
		{460ACF05-92BB-457B-A73B-0BF6F647E276}.AppStore|x86.Build.0 = Debug|x86
		{460ACF05-92BB-457B-A73B-0BF6F647E276}.AppStore|x86.Deploy.0 = Debug|x86
		{460ACF05-92BB-457B-A73B-0BF6F647E276}.Debug|Any CPU.ActiveCfg = Debug|x86
		{460ACF05-92BB-457B-A73B-0BF6F647E276}.Debug|Any CPU.Build.0 = Debug|x86
		{460ACF05-92BB-457B-A73B-0BF6F647E276}.Debug|Any CPU.Deploy.0 = Debug|x86
		{460ACF05-92BB-457B-A73B-0BF6F647E276}.Debug|ARM.ActiveCfg = Debug|ARM
		{460ACF05-92BB-457B-A73B-0BF6F647E276}.Debug|ARM.Build.0 = Debug|ARM
		{460ACF05-92BB-457B-A73B-0BF6F647E276}.Debug|ARM.Deploy.0 = Debug|ARM
		{460ACF05-92BB-457B-A73B-0BF6F647E276}.Debug|ARM64.ActiveCfg = Debug|ARM64
		{460ACF05-92BB-457B-A73B-0BF6F647E276}.Debug|ARM64.Build.0 = Debug|ARM64
		{460ACF05-92BB-457B-A73B-0BF6F647E276}.Debug|ARM64.Deploy.0 = Debug|ARM64
		{460ACF05-92BB-457B-A73B-0BF6F647E276}.Debug|iPhone.ActiveCfg = Debug|x86
		{460ACF05-92BB-457B-A73B-0BF6F647E276}.Debug|iPhoneSimulator.ActiveCfg = Debug|x86
		{460ACF05-92BB-457B-A73B-0BF6F647E276}.Debug|x64.ActiveCfg = Debug|x64
		{460ACF05-92BB-457B-A73B-0BF6F647E276}.Debug|x64.Build.0 = Debug|x64
		{460ACF05-92BB-457B-A73B-0BF6F647E276}.Debug|x64.Deploy.0 = Debug|x64
		{460ACF05-92BB-457B-A73B-0BF6F647E276}.Debug|x86.ActiveCfg = Debug|x86
		{460ACF05-92BB-457B-A73B-0BF6F647E276}.Debug|x86.Build.0 = Debug|x86
		{460ACF05-92BB-457B-A73B-0BF6F647E276}.Debug|x86.Deploy.0 = Debug|x86
		{460ACF05-92BB-457B-A73B-0BF6F647E276}.Release|Any CPU.ActiveCfg = Release|x86
		{460ACF05-92BB-457B-A73B-0BF6F647E276}.Release|ARM.ActiveCfg = Release|ARM
		{460ACF05-92BB-457B-A73B-0BF6F647E276}.Release|ARM.Build.0 = Release|ARM
		{460ACF05-92BB-457B-A73B-0BF6F647E276}.Release|ARM.Deploy.0 = Release|ARM
		{460ACF05-92BB-457B-A73B-0BF6F647E276}.Release|ARM64.ActiveCfg = Release|ARM64
		{460ACF05-92BB-457B-A73B-0BF6F647E276}.Release|ARM64.Build.0 = Release|ARM64
		{460ACF05-92BB-457B-A73B-0BF6F647E276}.Release|ARM64.Deploy.0 = Release|ARM64
		{460ACF05-92BB-457B-A73B-0BF6F647E276}.Release|iPhone.ActiveCfg = Release|x86
		{460ACF05-92BB-457B-A73B-0BF6F647E276}.Release|iPhoneSimulator.ActiveCfg = Release|x86
		{460ACF05-92BB-457B-A73B-0BF6F647E276}.Release|x64.ActiveCfg = Release|x64
		{460ACF05-92BB-457B-A73B-0BF6F647E276}.Release|x64.Build.0 = Release|x64
		{460ACF05-92BB-457B-A73B-0BF6F647E276}.Release|x64.Deploy.0 = Release|x64
		{460ACF05-92BB-457B-A73B-0BF6F647E276}.Release|x86.ActiveCfg = Release|x86
		{460ACF05-92BB-457B-A73B-0BF6F647E276}.Release|x86.Build.0 = Release|x86
		{460ACF05-92BB-457B-A73B-0BF6F647E276}.Release|x86.Deploy.0 = Release|x86
		{290BD9DE-9A29-4881-8CFA-AFFF63536120}.Ad-Hoc|Any CPU.ActiveCfg = Debug|Any CPU
		{290BD9DE-9A29-4881-8CFA-AFFF63536120}.Ad-Hoc|Any CPU.Build.0 = Debug|Any CPU
		{290BD9DE-9A29-4881-8CFA-AFFF63536120}.Ad-Hoc|ARM.ActiveCfg = Debug|Any CPU
		{290BD9DE-9A29-4881-8CFA-AFFF63536120}.Ad-Hoc|ARM.Build.0 = Debug|Any CPU
		{290BD9DE-9A29-4881-8CFA-AFFF63536120}.Ad-Hoc|ARM64.ActiveCfg = Debug|Any CPU
		{290BD9DE-9A29-4881-8CFA-AFFF63536120}.Ad-Hoc|ARM64.Build.0 = Debug|Any CPU
		{290BD9DE-9A29-4881-8CFA-AFFF63536120}.Ad-Hoc|iPhone.ActiveCfg = Debug|Any CPU
		{290BD9DE-9A29-4881-8CFA-AFFF63536120}.Ad-Hoc|iPhone.Build.0 = Debug|Any CPU
		{290BD9DE-9A29-4881-8CFA-AFFF63536120}.Ad-Hoc|iPhoneSimulator.ActiveCfg = Debug|Any CPU
		{290BD9DE-9A29-4881-8CFA-AFFF63536120}.Ad-Hoc|iPhoneSimulator.Build.0 = Debug|Any CPU
		{290BD9DE-9A29-4881-8CFA-AFFF63536120}.Ad-Hoc|x64.ActiveCfg = Debug|Any CPU
		{290BD9DE-9A29-4881-8CFA-AFFF63536120}.Ad-Hoc|x64.Build.0 = Debug|Any CPU
		{290BD9DE-9A29-4881-8CFA-AFFF63536120}.Ad-Hoc|x86.ActiveCfg = Debug|Any CPU
		{290BD9DE-9A29-4881-8CFA-AFFF63536120}.Ad-Hoc|x86.Build.0 = Debug|Any CPU
		{290BD9DE-9A29-4881-8CFA-AFFF63536120}.AppStore|Any CPU.ActiveCfg = Debug|Any CPU
		{290BD9DE-9A29-4881-8CFA-AFFF63536120}.AppStore|Any CPU.Build.0 = Debug|Any CPU
		{290BD9DE-9A29-4881-8CFA-AFFF63536120}.AppStore|ARM.ActiveCfg = Debug|Any CPU
		{290BD9DE-9A29-4881-8CFA-AFFF63536120}.AppStore|ARM.Build.0 = Debug|Any CPU
		{290BD9DE-9A29-4881-8CFA-AFFF63536120}.AppStore|ARM64.ActiveCfg = Debug|Any CPU
		{290BD9DE-9A29-4881-8CFA-AFFF63536120}.AppStore|ARM64.Build.0 = Debug|Any CPU
		{290BD9DE-9A29-4881-8CFA-AFFF63536120}.AppStore|iPhone.ActiveCfg = Debug|Any CPU
		{290BD9DE-9A29-4881-8CFA-AFFF63536120}.AppStore|iPhone.Build.0 = Debug|Any CPU
		{290BD9DE-9A29-4881-8CFA-AFFF63536120}.AppStore|iPhoneSimulator.ActiveCfg = Debug|Any CPU
		{290BD9DE-9A29-4881-8CFA-AFFF63536120}.AppStore|iPhoneSimulator.Build.0 = Debug|Any CPU
		{290BD9DE-9A29-4881-8CFA-AFFF63536120}.AppStore|x64.ActiveCfg = Debug|Any CPU
		{290BD9DE-9A29-4881-8CFA-AFFF63536120}.AppStore|x64.Build.0 = Debug|Any CPU
		{290BD9DE-9A29-4881-8CFA-AFFF63536120}.AppStore|x86.ActiveCfg = Debug|Any CPU
		{290BD9DE-9A29-4881-8CFA-AFFF63536120}.AppStore|x86.Build.0 = Debug|Any CPU
		{290BD9DE-9A29-4881-8CFA-AFFF63536120}.Debug|Any CPU.ActiveCfg = Debug|Any CPU
		{290BD9DE-9A29-4881-8CFA-AFFF63536120}.Debug|Any CPU.Build.0 = Debug|Any CPU
		{290BD9DE-9A29-4881-8CFA-AFFF63536120}.Debug|ARM.ActiveCfg = Debug|Any CPU
		{290BD9DE-9A29-4881-8CFA-AFFF63536120}.Debug|ARM.Build.0 = Debug|Any CPU
		{290BD9DE-9A29-4881-8CFA-AFFF63536120}.Debug|ARM64.ActiveCfg = Debug|Any CPU
		{290BD9DE-9A29-4881-8CFA-AFFF63536120}.Debug|ARM64.Build.0 = Debug|Any CPU
		{290BD9DE-9A29-4881-8CFA-AFFF63536120}.Debug|iPhone.ActiveCfg = Debug|Any CPU
		{290BD9DE-9A29-4881-8CFA-AFFF63536120}.Debug|iPhone.Build.0 = Debug|Any CPU
		{290BD9DE-9A29-4881-8CFA-AFFF63536120}.Debug|iPhoneSimulator.ActiveCfg = Debug|Any CPU
		{290BD9DE-9A29-4881-8CFA-AFFF63536120}.Debug|iPhoneSimulator.Build.0 = Debug|Any CPU
		{290BD9DE-9A29-4881-8CFA-AFFF63536120}.Debug|x64.ActiveCfg = Debug|Any CPU
		{290BD9DE-9A29-4881-8CFA-AFFF63536120}.Debug|x64.Build.0 = Debug|Any CPU
		{290BD9DE-9A29-4881-8CFA-AFFF63536120}.Debug|x86.ActiveCfg = Debug|Any CPU
		{290BD9DE-9A29-4881-8CFA-AFFF63536120}.Debug|x86.Build.0 = Debug|Any CPU
		{290BD9DE-9A29-4881-8CFA-AFFF63536120}.Release|Any CPU.ActiveCfg = Release|Any CPU
		{290BD9DE-9A29-4881-8CFA-AFFF63536120}.Release|Any CPU.Build.0 = Release|Any CPU
		{290BD9DE-9A29-4881-8CFA-AFFF63536120}.Release|ARM.ActiveCfg = Release|Any CPU
		{290BD9DE-9A29-4881-8CFA-AFFF63536120}.Release|ARM.Build.0 = Release|Any CPU
		{290BD9DE-9A29-4881-8CFA-AFFF63536120}.Release|ARM64.ActiveCfg = Release|Any CPU
		{290BD9DE-9A29-4881-8CFA-AFFF63536120}.Release|ARM64.Build.0 = Release|Any CPU
		{290BD9DE-9A29-4881-8CFA-AFFF63536120}.Release|iPhone.ActiveCfg = Release|Any CPU
		{290BD9DE-9A29-4881-8CFA-AFFF63536120}.Release|iPhone.Build.0 = Release|Any CPU
		{290BD9DE-9A29-4881-8CFA-AFFF63536120}.Release|iPhoneSimulator.ActiveCfg = Release|Any CPU
		{290BD9DE-9A29-4881-8CFA-AFFF63536120}.Release|iPhoneSimulator.Build.0 = Release|Any CPU
		{290BD9DE-9A29-4881-8CFA-AFFF63536120}.Release|x64.ActiveCfg = Release|Any CPU
		{290BD9DE-9A29-4881-8CFA-AFFF63536120}.Release|x64.Build.0 = Release|Any CPU
		{290BD9DE-9A29-4881-8CFA-AFFF63536120}.Release|x86.ActiveCfg = Release|Any CPU
		{290BD9DE-9A29-4881-8CFA-AFFF63536120}.Release|x86.Build.0 = Release|Any CPU
		{9885D6B9-13B3-47DF-B651-69F12568C42A}.Ad-Hoc|Any CPU.ActiveCfg = Debug|iPhoneSimulator
		{9885D6B9-13B3-47DF-B651-69F12568C42A}.Ad-Hoc|Any CPU.Build.0 = Debug|iPhoneSimulator
		{9885D6B9-13B3-47DF-B651-69F12568C42A}.Ad-Hoc|ARM.ActiveCfg = Debug|iPhoneSimulator
		{9885D6B9-13B3-47DF-B651-69F12568C42A}.Ad-Hoc|ARM.Build.0 = Debug|iPhoneSimulator
		{9885D6B9-13B3-47DF-B651-69F12568C42A}.Ad-Hoc|ARM64.ActiveCfg = Debug|iPhoneSimulator
		{9885D6B9-13B3-47DF-B651-69F12568C42A}.Ad-Hoc|ARM64.Build.0 = Debug|iPhoneSimulator
		{9885D6B9-13B3-47DF-B651-69F12568C42A}.Ad-Hoc|iPhone.ActiveCfg = Debug|iPhoneSimulator
		{9885D6B9-13B3-47DF-B651-69F12568C42A}.Ad-Hoc|iPhone.Build.0 = Debug|iPhoneSimulator
		{9885D6B9-13B3-47DF-B651-69F12568C42A}.Ad-Hoc|iPhoneSimulator.ActiveCfg = Debug|iPhoneSimulator
		{9885D6B9-13B3-47DF-B651-69F12568C42A}.Ad-Hoc|iPhoneSimulator.Build.0 = Debug|iPhoneSimulator
		{9885D6B9-13B3-47DF-B651-69F12568C42A}.Ad-Hoc|x64.ActiveCfg = Debug|iPhoneSimulator
		{9885D6B9-13B3-47DF-B651-69F12568C42A}.Ad-Hoc|x64.Build.0 = Debug|iPhoneSimulator
		{9885D6B9-13B3-47DF-B651-69F12568C42A}.Ad-Hoc|x86.ActiveCfg = Debug|iPhoneSimulator
		{9885D6B9-13B3-47DF-B651-69F12568C42A}.Ad-Hoc|x86.Build.0 = Debug|iPhoneSimulator
		{9885D6B9-13B3-47DF-B651-69F12568C42A}.AppStore|Any CPU.ActiveCfg = Debug|iPhoneSimulator
		{9885D6B9-13B3-47DF-B651-69F12568C42A}.AppStore|Any CPU.Build.0 = Debug|iPhoneSimulator
		{9885D6B9-13B3-47DF-B651-69F12568C42A}.AppStore|ARM.ActiveCfg = Debug|iPhoneSimulator
		{9885D6B9-13B3-47DF-B651-69F12568C42A}.AppStore|ARM.Build.0 = Debug|iPhoneSimulator
		{9885D6B9-13B3-47DF-B651-69F12568C42A}.AppStore|ARM64.ActiveCfg = Debug|iPhoneSimulator
		{9885D6B9-13B3-47DF-B651-69F12568C42A}.AppStore|ARM64.Build.0 = Debug|iPhoneSimulator
		{9885D6B9-13B3-47DF-B651-69F12568C42A}.AppStore|iPhone.ActiveCfg = Debug|iPhoneSimulator
		{9885D6B9-13B3-47DF-B651-69F12568C42A}.AppStore|iPhone.Build.0 = Debug|iPhoneSimulator
		{9885D6B9-13B3-47DF-B651-69F12568C42A}.AppStore|iPhoneSimulator.ActiveCfg = Debug|iPhoneSimulator
		{9885D6B9-13B3-47DF-B651-69F12568C42A}.AppStore|iPhoneSimulator.Build.0 = Debug|iPhoneSimulator
		{9885D6B9-13B3-47DF-B651-69F12568C42A}.AppStore|x64.ActiveCfg = Debug|iPhoneSimulator
		{9885D6B9-13B3-47DF-B651-69F12568C42A}.AppStore|x64.Build.0 = Debug|iPhoneSimulator
		{9885D6B9-13B3-47DF-B651-69F12568C42A}.AppStore|x86.ActiveCfg = Debug|iPhoneSimulator
		{9885D6B9-13B3-47DF-B651-69F12568C42A}.AppStore|x86.Build.0 = Debug|iPhoneSimulator
		{9885D6B9-13B3-47DF-B651-69F12568C42A}.Debug|Any CPU.ActiveCfg = Debug|iPhoneSimulator
		{9885D6B9-13B3-47DF-B651-69F12568C42A}.Debug|ARM.ActiveCfg = Debug|iPhoneSimulator
		{9885D6B9-13B3-47DF-B651-69F12568C42A}.Debug|ARM64.ActiveCfg = Debug|iPhoneSimulator
		{9885D6B9-13B3-47DF-B651-69F12568C42A}.Debug|iPhone.ActiveCfg = Debug|iPhoneSimulator
		{9885D6B9-13B3-47DF-B651-69F12568C42A}.Debug|iPhoneSimulator.ActiveCfg = Debug|iPhoneSimulator
		{9885D6B9-13B3-47DF-B651-69F12568C42A}.Debug|iPhoneSimulator.Build.0 = Debug|iPhoneSimulator
		{9885D6B9-13B3-47DF-B651-69F12568C42A}.Debug|x64.ActiveCfg = Debug|iPhoneSimulator
		{9885D6B9-13B3-47DF-B651-69F12568C42A}.Debug|x86.ActiveCfg = Debug|iPhoneSimulator
		{9885D6B9-13B3-47DF-B651-69F12568C42A}.Release|Any CPU.ActiveCfg = Release|iPhoneSimulator
		{9885D6B9-13B3-47DF-B651-69F12568C42A}.Release|ARM.ActiveCfg = Release|iPhoneSimulator
		{9885D6B9-13B3-47DF-B651-69F12568C42A}.Release|ARM64.ActiveCfg = Release|iPhoneSimulator
		{9885D6B9-13B3-47DF-B651-69F12568C42A}.Release|iPhone.ActiveCfg = Release|iPhoneSimulator
		{9885D6B9-13B3-47DF-B651-69F12568C42A}.Release|iPhoneSimulator.ActiveCfg = Release|iPhoneSimulator
		{9885D6B9-13B3-47DF-B651-69F12568C42A}.Release|iPhoneSimulator.Build.0 = Release|iPhoneSimulator
		{9885D6B9-13B3-47DF-B651-69F12568C42A}.Release|x64.ActiveCfg = Release|iPhoneSimulator
		{9885D6B9-13B3-47DF-B651-69F12568C42A}.Release|x86.ActiveCfg = Release|iPhoneSimulator
		{1918C448-AC29-4097-8906-3F1AFB3699CB}.Ad-Hoc|Any CPU.ActiveCfg = Debug|Any CPU
		{1918C448-AC29-4097-8906-3F1AFB3699CB}.Ad-Hoc|Any CPU.Build.0 = Debug|Any CPU
		{1918C448-AC29-4097-8906-3F1AFB3699CB}.Ad-Hoc|ARM.ActiveCfg = Debug|Any CPU
		{1918C448-AC29-4097-8906-3F1AFB3699CB}.Ad-Hoc|ARM.Build.0 = Debug|Any CPU
		{1918C448-AC29-4097-8906-3F1AFB3699CB}.Ad-Hoc|ARM64.ActiveCfg = Debug|Any CPU
		{1918C448-AC29-4097-8906-3F1AFB3699CB}.Ad-Hoc|ARM64.Build.0 = Debug|Any CPU
		{1918C448-AC29-4097-8906-3F1AFB3699CB}.Ad-Hoc|iPhone.ActiveCfg = Debug|Any CPU
		{1918C448-AC29-4097-8906-3F1AFB3699CB}.Ad-Hoc|iPhone.Build.0 = Debug|Any CPU
		{1918C448-AC29-4097-8906-3F1AFB3699CB}.Ad-Hoc|iPhoneSimulator.ActiveCfg = Debug|Any CPU
		{1918C448-AC29-4097-8906-3F1AFB3699CB}.Ad-Hoc|iPhoneSimulator.Build.0 = Debug|Any CPU
		{1918C448-AC29-4097-8906-3F1AFB3699CB}.Ad-Hoc|x64.ActiveCfg = Debug|Any CPU
		{1918C448-AC29-4097-8906-3F1AFB3699CB}.Ad-Hoc|x64.Build.0 = Debug|Any CPU
		{1918C448-AC29-4097-8906-3F1AFB3699CB}.Ad-Hoc|x86.ActiveCfg = Debug|Any CPU
		{1918C448-AC29-4097-8906-3F1AFB3699CB}.Ad-Hoc|x86.Build.0 = Debug|Any CPU
		{1918C448-AC29-4097-8906-3F1AFB3699CB}.AppStore|Any CPU.ActiveCfg = Debug|Any CPU
		{1918C448-AC29-4097-8906-3F1AFB3699CB}.AppStore|Any CPU.Build.0 = Debug|Any CPU
		{1918C448-AC29-4097-8906-3F1AFB3699CB}.AppStore|ARM.ActiveCfg = Debug|Any CPU
		{1918C448-AC29-4097-8906-3F1AFB3699CB}.AppStore|ARM.Build.0 = Debug|Any CPU
		{1918C448-AC29-4097-8906-3F1AFB3699CB}.AppStore|ARM64.ActiveCfg = Debug|Any CPU
		{1918C448-AC29-4097-8906-3F1AFB3699CB}.AppStore|ARM64.Build.0 = Debug|Any CPU
		{1918C448-AC29-4097-8906-3F1AFB3699CB}.AppStore|iPhone.ActiveCfg = Debug|Any CPU
		{1918C448-AC29-4097-8906-3F1AFB3699CB}.AppStore|iPhone.Build.0 = Debug|Any CPU
		{1918C448-AC29-4097-8906-3F1AFB3699CB}.AppStore|iPhoneSimulator.ActiveCfg = Debug|Any CPU
		{1918C448-AC29-4097-8906-3F1AFB3699CB}.AppStore|iPhoneSimulator.Build.0 = Debug|Any CPU
		{1918C448-AC29-4097-8906-3F1AFB3699CB}.AppStore|x64.ActiveCfg = Debug|Any CPU
		{1918C448-AC29-4097-8906-3F1AFB3699CB}.AppStore|x64.Build.0 = Debug|Any CPU
		{1918C448-AC29-4097-8906-3F1AFB3699CB}.AppStore|x86.ActiveCfg = Debug|Any CPU
		{1918C448-AC29-4097-8906-3F1AFB3699CB}.AppStore|x86.Build.0 = Debug|Any CPU
		{1918C448-AC29-4097-8906-3F1AFB3699CB}.Debug|Any CPU.ActiveCfg = Debug|Any CPU
		{1918C448-AC29-4097-8906-3F1AFB3699CB}.Debug|Any CPU.Build.0 = Debug|Any CPU
		{1918C448-AC29-4097-8906-3F1AFB3699CB}.Debug|ARM.ActiveCfg = Debug|Any CPU
		{1918C448-AC29-4097-8906-3F1AFB3699CB}.Debug|ARM.Build.0 = Debug|Any CPU
		{1918C448-AC29-4097-8906-3F1AFB3699CB}.Debug|ARM64.ActiveCfg = Debug|Any CPU
		{1918C448-AC29-4097-8906-3F1AFB3699CB}.Debug|ARM64.Build.0 = Debug|Any CPU
		{1918C448-AC29-4097-8906-3F1AFB3699CB}.Debug|iPhone.ActiveCfg = Debug|Any CPU
		{1918C448-AC29-4097-8906-3F1AFB3699CB}.Debug|iPhone.Build.0 = Debug|Any CPU
		{1918C448-AC29-4097-8906-3F1AFB3699CB}.Debug|iPhoneSimulator.ActiveCfg = Debug|Any CPU
		{1918C448-AC29-4097-8906-3F1AFB3699CB}.Debug|iPhoneSimulator.Build.0 = Debug|Any CPU
		{1918C448-AC29-4097-8906-3F1AFB3699CB}.Debug|x64.ActiveCfg = Debug|Any CPU
		{1918C448-AC29-4097-8906-3F1AFB3699CB}.Debug|x64.Build.0 = Debug|Any CPU
		{1918C448-AC29-4097-8906-3F1AFB3699CB}.Debug|x86.ActiveCfg = Debug|Any CPU
		{1918C448-AC29-4097-8906-3F1AFB3699CB}.Debug|x86.Build.0 = Debug|Any CPU
		{1918C448-AC29-4097-8906-3F1AFB3699CB}.Release|Any CPU.ActiveCfg = Release|Any CPU
		{1918C448-AC29-4097-8906-3F1AFB3699CB}.Release|Any CPU.Build.0 = Release|Any CPU
		{1918C448-AC29-4097-8906-3F1AFB3699CB}.Release|ARM.ActiveCfg = Release|Any CPU
		{1918C448-AC29-4097-8906-3F1AFB3699CB}.Release|ARM.Build.0 = Release|Any CPU
		{1918C448-AC29-4097-8906-3F1AFB3699CB}.Release|ARM64.ActiveCfg = Release|Any CPU
		{1918C448-AC29-4097-8906-3F1AFB3699CB}.Release|ARM64.Build.0 = Release|Any CPU
		{1918C448-AC29-4097-8906-3F1AFB3699CB}.Release|iPhone.ActiveCfg = Release|Any CPU
		{1918C448-AC29-4097-8906-3F1AFB3699CB}.Release|iPhone.Build.0 = Release|Any CPU
		{1918C448-AC29-4097-8906-3F1AFB3699CB}.Release|iPhoneSimulator.ActiveCfg = Release|Any CPU
		{1918C448-AC29-4097-8906-3F1AFB3699CB}.Release|iPhoneSimulator.Build.0 = Release|Any CPU
		{1918C448-AC29-4097-8906-3F1AFB3699CB}.Release|x64.ActiveCfg = Release|Any CPU
		{1918C448-AC29-4097-8906-3F1AFB3699CB}.Release|x64.Build.0 = Release|Any CPU
		{1918C448-AC29-4097-8906-3F1AFB3699CB}.Release|x86.ActiveCfg = Release|Any CPU
		{1918C448-AC29-4097-8906-3F1AFB3699CB}.Release|x86.Build.0 = Release|Any CPU
		{670C9775-BAA8-492C-9B29-C1B9B07AAAE4}.Ad-Hoc|Any CPU.ActiveCfg = Debug|Any CPU
		{670C9775-BAA8-492C-9B29-C1B9B07AAAE4}.Ad-Hoc|Any CPU.Build.0 = Debug|Any CPU
		{670C9775-BAA8-492C-9B29-C1B9B07AAAE4}.Ad-Hoc|ARM.ActiveCfg = Debug|Any CPU
		{670C9775-BAA8-492C-9B29-C1B9B07AAAE4}.Ad-Hoc|ARM.Build.0 = Debug|Any CPU
		{670C9775-BAA8-492C-9B29-C1B9B07AAAE4}.Ad-Hoc|ARM64.ActiveCfg = Debug|Any CPU
		{670C9775-BAA8-492C-9B29-C1B9B07AAAE4}.Ad-Hoc|ARM64.Build.0 = Debug|Any CPU
		{670C9775-BAA8-492C-9B29-C1B9B07AAAE4}.Ad-Hoc|iPhone.ActiveCfg = Debug|Any CPU
		{670C9775-BAA8-492C-9B29-C1B9B07AAAE4}.Ad-Hoc|iPhone.Build.0 = Debug|Any CPU
		{670C9775-BAA8-492C-9B29-C1B9B07AAAE4}.Ad-Hoc|iPhoneSimulator.ActiveCfg = Debug|Any CPU
		{670C9775-BAA8-492C-9B29-C1B9B07AAAE4}.Ad-Hoc|iPhoneSimulator.Build.0 = Debug|Any CPU
		{670C9775-BAA8-492C-9B29-C1B9B07AAAE4}.Ad-Hoc|x64.ActiveCfg = Debug|Any CPU
		{670C9775-BAA8-492C-9B29-C1B9B07AAAE4}.Ad-Hoc|x64.Build.0 = Debug|Any CPU
		{670C9775-BAA8-492C-9B29-C1B9B07AAAE4}.Ad-Hoc|x86.ActiveCfg = Debug|Any CPU
		{670C9775-BAA8-492C-9B29-C1B9B07AAAE4}.Ad-Hoc|x86.Build.0 = Debug|Any CPU
		{670C9775-BAA8-492C-9B29-C1B9B07AAAE4}.AppStore|Any CPU.ActiveCfg = Debug|Any CPU
		{670C9775-BAA8-492C-9B29-C1B9B07AAAE4}.AppStore|Any CPU.Build.0 = Debug|Any CPU
		{670C9775-BAA8-492C-9B29-C1B9B07AAAE4}.AppStore|ARM.ActiveCfg = Debug|Any CPU
		{670C9775-BAA8-492C-9B29-C1B9B07AAAE4}.AppStore|ARM.Build.0 = Debug|Any CPU
		{670C9775-BAA8-492C-9B29-C1B9B07AAAE4}.AppStore|ARM64.ActiveCfg = Debug|Any CPU
		{670C9775-BAA8-492C-9B29-C1B9B07AAAE4}.AppStore|ARM64.Build.0 = Debug|Any CPU
		{670C9775-BAA8-492C-9B29-C1B9B07AAAE4}.AppStore|iPhone.ActiveCfg = Debug|Any CPU
		{670C9775-BAA8-492C-9B29-C1B9B07AAAE4}.AppStore|iPhone.Build.0 = Debug|Any CPU
		{670C9775-BAA8-492C-9B29-C1B9B07AAAE4}.AppStore|iPhoneSimulator.ActiveCfg = Debug|Any CPU
		{670C9775-BAA8-492C-9B29-C1B9B07AAAE4}.AppStore|iPhoneSimulator.Build.0 = Debug|Any CPU
		{670C9775-BAA8-492C-9B29-C1B9B07AAAE4}.AppStore|x64.ActiveCfg = Debug|Any CPU
		{670C9775-BAA8-492C-9B29-C1B9B07AAAE4}.AppStore|x64.Build.0 = Debug|Any CPU
		{670C9775-BAA8-492C-9B29-C1B9B07AAAE4}.AppStore|x86.ActiveCfg = Debug|Any CPU
		{670C9775-BAA8-492C-9B29-C1B9B07AAAE4}.AppStore|x86.Build.0 = Debug|Any CPU
		{670C9775-BAA8-492C-9B29-C1B9B07AAAE4}.Debug|Any CPU.ActiveCfg = Debug|Any CPU
		{670C9775-BAA8-492C-9B29-C1B9B07AAAE4}.Debug|Any CPU.Build.0 = Debug|Any CPU
		{670C9775-BAA8-492C-9B29-C1B9B07AAAE4}.Debug|ARM.ActiveCfg = Debug|Any CPU
		{670C9775-BAA8-492C-9B29-C1B9B07AAAE4}.Debug|ARM.Build.0 = Debug|Any CPU
		{670C9775-BAA8-492C-9B29-C1B9B07AAAE4}.Debug|ARM64.ActiveCfg = Debug|Any CPU
		{670C9775-BAA8-492C-9B29-C1B9B07AAAE4}.Debug|ARM64.Build.0 = Debug|Any CPU
		{670C9775-BAA8-492C-9B29-C1B9B07AAAE4}.Debug|iPhone.ActiveCfg = Debug|Any CPU
		{670C9775-BAA8-492C-9B29-C1B9B07AAAE4}.Debug|iPhone.Build.0 = Debug|Any CPU
		{670C9775-BAA8-492C-9B29-C1B9B07AAAE4}.Debug|iPhoneSimulator.ActiveCfg = Debug|Any CPU
		{670C9775-BAA8-492C-9B29-C1B9B07AAAE4}.Debug|iPhoneSimulator.Build.0 = Debug|Any CPU
		{670C9775-BAA8-492C-9B29-C1B9B07AAAE4}.Debug|x64.ActiveCfg = Debug|Any CPU
		{670C9775-BAA8-492C-9B29-C1B9B07AAAE4}.Debug|x64.Build.0 = Debug|Any CPU
		{670C9775-BAA8-492C-9B29-C1B9B07AAAE4}.Debug|x86.ActiveCfg = Debug|Any CPU
		{670C9775-BAA8-492C-9B29-C1B9B07AAAE4}.Debug|x86.Build.0 = Debug|Any CPU
		{670C9775-BAA8-492C-9B29-C1B9B07AAAE4}.Release|Any CPU.ActiveCfg = Release|Any CPU
		{670C9775-BAA8-492C-9B29-C1B9B07AAAE4}.Release|Any CPU.Build.0 = Release|Any CPU
		{670C9775-BAA8-492C-9B29-C1B9B07AAAE4}.Release|ARM.ActiveCfg = Release|Any CPU
		{670C9775-BAA8-492C-9B29-C1B9B07AAAE4}.Release|ARM.Build.0 = Release|Any CPU
		{670C9775-BAA8-492C-9B29-C1B9B07AAAE4}.Release|ARM64.ActiveCfg = Release|Any CPU
		{670C9775-BAA8-492C-9B29-C1B9B07AAAE4}.Release|ARM64.Build.0 = Release|Any CPU
		{670C9775-BAA8-492C-9B29-C1B9B07AAAE4}.Release|iPhone.ActiveCfg = Release|Any CPU
		{670C9775-BAA8-492C-9B29-C1B9B07AAAE4}.Release|iPhone.Build.0 = Release|Any CPU
		{670C9775-BAA8-492C-9B29-C1B9B07AAAE4}.Release|iPhoneSimulator.ActiveCfg = Release|Any CPU
		{670C9775-BAA8-492C-9B29-C1B9B07AAAE4}.Release|iPhoneSimulator.Build.0 = Release|Any CPU
		{670C9775-BAA8-492C-9B29-C1B9B07AAAE4}.Release|x64.ActiveCfg = Release|Any CPU
		{670C9775-BAA8-492C-9B29-C1B9B07AAAE4}.Release|x64.Build.0 = Release|Any CPU
		{670C9775-BAA8-492C-9B29-C1B9B07AAAE4}.Release|x86.ActiveCfg = Release|Any CPU
		{670C9775-BAA8-492C-9B29-C1B9B07AAAE4}.Release|x86.Build.0 = Release|Any CPU
		{54034292-3698-4B3C-90D9-76CD6E51357F}.Ad-Hoc|Any CPU.ActiveCfg = Debug|Any CPU
		{54034292-3698-4B3C-90D9-76CD6E51357F}.Ad-Hoc|Any CPU.Build.0 = Debug|Any CPU
		{54034292-3698-4B3C-90D9-76CD6E51357F}.Ad-Hoc|ARM.ActiveCfg = Debug|Any CPU
		{54034292-3698-4B3C-90D9-76CD6E51357F}.Ad-Hoc|ARM.Build.0 = Debug|Any CPU
		{54034292-3698-4B3C-90D9-76CD6E51357F}.Ad-Hoc|ARM64.ActiveCfg = Debug|Any CPU
		{54034292-3698-4B3C-90D9-76CD6E51357F}.Ad-Hoc|ARM64.Build.0 = Debug|Any CPU
		{54034292-3698-4B3C-90D9-76CD6E51357F}.Ad-Hoc|iPhone.ActiveCfg = Debug|Any CPU
		{54034292-3698-4B3C-90D9-76CD6E51357F}.Ad-Hoc|iPhone.Build.0 = Debug|Any CPU
		{54034292-3698-4B3C-90D9-76CD6E51357F}.Ad-Hoc|iPhoneSimulator.ActiveCfg = Debug|Any CPU
		{54034292-3698-4B3C-90D9-76CD6E51357F}.Ad-Hoc|iPhoneSimulator.Build.0 = Debug|Any CPU
		{54034292-3698-4B3C-90D9-76CD6E51357F}.Ad-Hoc|x64.ActiveCfg = Debug|Any CPU
		{54034292-3698-4B3C-90D9-76CD6E51357F}.Ad-Hoc|x64.Build.0 = Debug|Any CPU
		{54034292-3698-4B3C-90D9-76CD6E51357F}.Ad-Hoc|x86.ActiveCfg = Debug|Any CPU
		{54034292-3698-4B3C-90D9-76CD6E51357F}.Ad-Hoc|x86.Build.0 = Debug|Any CPU
		{54034292-3698-4B3C-90D9-76CD6E51357F}.AppStore|Any CPU.ActiveCfg = Debug|Any CPU
		{54034292-3698-4B3C-90D9-76CD6E51357F}.AppStore|Any CPU.Build.0 = Debug|Any CPU
		{54034292-3698-4B3C-90D9-76CD6E51357F}.AppStore|ARM.ActiveCfg = Debug|Any CPU
		{54034292-3698-4B3C-90D9-76CD6E51357F}.AppStore|ARM.Build.0 = Debug|Any CPU
		{54034292-3698-4B3C-90D9-76CD6E51357F}.AppStore|ARM64.ActiveCfg = Debug|Any CPU
		{54034292-3698-4B3C-90D9-76CD6E51357F}.AppStore|ARM64.Build.0 = Debug|Any CPU
		{54034292-3698-4B3C-90D9-76CD6E51357F}.AppStore|iPhone.ActiveCfg = Debug|Any CPU
		{54034292-3698-4B3C-90D9-76CD6E51357F}.AppStore|iPhone.Build.0 = Debug|Any CPU
		{54034292-3698-4B3C-90D9-76CD6E51357F}.AppStore|iPhoneSimulator.ActiveCfg = Debug|Any CPU
		{54034292-3698-4B3C-90D9-76CD6E51357F}.AppStore|iPhoneSimulator.Build.0 = Debug|Any CPU
		{54034292-3698-4B3C-90D9-76CD6E51357F}.AppStore|x64.ActiveCfg = Debug|Any CPU
		{54034292-3698-4B3C-90D9-76CD6E51357F}.AppStore|x64.Build.0 = Debug|Any CPU
		{54034292-3698-4B3C-90D9-76CD6E51357F}.AppStore|x86.ActiveCfg = Debug|Any CPU
		{54034292-3698-4B3C-90D9-76CD6E51357F}.AppStore|x86.Build.0 = Debug|Any CPU
		{54034292-3698-4B3C-90D9-76CD6E51357F}.Debug|Any CPU.ActiveCfg = Debug|Any CPU
		{54034292-3698-4B3C-90D9-76CD6E51357F}.Debug|Any CPU.Build.0 = Debug|Any CPU
		{54034292-3698-4B3C-90D9-76CD6E51357F}.Debug|ARM.ActiveCfg = Debug|Any CPU
		{54034292-3698-4B3C-90D9-76CD6E51357F}.Debug|ARM.Build.0 = Debug|Any CPU
		{54034292-3698-4B3C-90D9-76CD6E51357F}.Debug|ARM64.ActiveCfg = Debug|Any CPU
		{54034292-3698-4B3C-90D9-76CD6E51357F}.Debug|ARM64.Build.0 = Debug|Any CPU
		{54034292-3698-4B3C-90D9-76CD6E51357F}.Debug|iPhone.ActiveCfg = Debug|Any CPU
		{54034292-3698-4B3C-90D9-76CD6E51357F}.Debug|iPhone.Build.0 = Debug|Any CPU
		{54034292-3698-4B3C-90D9-76CD6E51357F}.Debug|iPhoneSimulator.ActiveCfg = Debug|Any CPU
		{54034292-3698-4B3C-90D9-76CD6E51357F}.Debug|iPhoneSimulator.Build.0 = Debug|Any CPU
		{54034292-3698-4B3C-90D9-76CD6E51357F}.Debug|x64.ActiveCfg = Debug|Any CPU
		{54034292-3698-4B3C-90D9-76CD6E51357F}.Debug|x64.Build.0 = Debug|Any CPU
		{54034292-3698-4B3C-90D9-76CD6E51357F}.Debug|x86.ActiveCfg = Debug|Any CPU
		{54034292-3698-4B3C-90D9-76CD6E51357F}.Debug|x86.Build.0 = Debug|Any CPU
		{54034292-3698-4B3C-90D9-76CD6E51357F}.Release|Any CPU.ActiveCfg = Release|Any CPU
		{54034292-3698-4B3C-90D9-76CD6E51357F}.Release|Any CPU.Build.0 = Release|Any CPU
		{54034292-3698-4B3C-90D9-76CD6E51357F}.Release|ARM.ActiveCfg = Release|Any CPU
		{54034292-3698-4B3C-90D9-76CD6E51357F}.Release|ARM.Build.0 = Release|Any CPU
		{54034292-3698-4B3C-90D9-76CD6E51357F}.Release|ARM64.ActiveCfg = Release|Any CPU
		{54034292-3698-4B3C-90D9-76CD6E51357F}.Release|ARM64.Build.0 = Release|Any CPU
		{54034292-3698-4B3C-90D9-76CD6E51357F}.Release|iPhone.ActiveCfg = Release|Any CPU
		{54034292-3698-4B3C-90D9-76CD6E51357F}.Release|iPhone.Build.0 = Release|Any CPU
		{54034292-3698-4B3C-90D9-76CD6E51357F}.Release|iPhoneSimulator.ActiveCfg = Release|Any CPU
		{54034292-3698-4B3C-90D9-76CD6E51357F}.Release|iPhoneSimulator.Build.0 = Release|Any CPU
		{54034292-3698-4B3C-90D9-76CD6E51357F}.Release|x64.ActiveCfg = Release|Any CPU
		{54034292-3698-4B3C-90D9-76CD6E51357F}.Release|x64.Build.0 = Release|Any CPU
		{54034292-3698-4B3C-90D9-76CD6E51357F}.Release|x86.ActiveCfg = Release|Any CPU
		{54034292-3698-4B3C-90D9-76CD6E51357F}.Release|x86.Build.0 = Release|Any CPU
		{AF7336D4-D42C-4831-9BA5-E6EE352F5C0E}.Ad-Hoc|Any CPU.ActiveCfg = Debug|Any CPU
		{AF7336D4-D42C-4831-9BA5-E6EE352F5C0E}.Ad-Hoc|Any CPU.Build.0 = Debug|Any CPU
		{AF7336D4-D42C-4831-9BA5-E6EE352F5C0E}.Ad-Hoc|ARM.ActiveCfg = Debug|Any CPU
		{AF7336D4-D42C-4831-9BA5-E6EE352F5C0E}.Ad-Hoc|ARM.Build.0 = Debug|Any CPU
		{AF7336D4-D42C-4831-9BA5-E6EE352F5C0E}.Ad-Hoc|ARM64.ActiveCfg = Debug|Any CPU
		{AF7336D4-D42C-4831-9BA5-E6EE352F5C0E}.Ad-Hoc|ARM64.Build.0 = Debug|Any CPU
		{AF7336D4-D42C-4831-9BA5-E6EE352F5C0E}.Ad-Hoc|iPhone.ActiveCfg = Debug|Any CPU
		{AF7336D4-D42C-4831-9BA5-E6EE352F5C0E}.Ad-Hoc|iPhone.Build.0 = Debug|Any CPU
		{AF7336D4-D42C-4831-9BA5-E6EE352F5C0E}.Ad-Hoc|iPhoneSimulator.ActiveCfg = Debug|Any CPU
		{AF7336D4-D42C-4831-9BA5-E6EE352F5C0E}.Ad-Hoc|iPhoneSimulator.Build.0 = Debug|Any CPU
		{AF7336D4-D42C-4831-9BA5-E6EE352F5C0E}.Ad-Hoc|x64.ActiveCfg = Debug|Any CPU
		{AF7336D4-D42C-4831-9BA5-E6EE352F5C0E}.Ad-Hoc|x64.Build.0 = Debug|Any CPU
		{AF7336D4-D42C-4831-9BA5-E6EE352F5C0E}.Ad-Hoc|x86.ActiveCfg = Debug|Any CPU
		{AF7336D4-D42C-4831-9BA5-E6EE352F5C0E}.Ad-Hoc|x86.Build.0 = Debug|Any CPU
		{AF7336D4-D42C-4831-9BA5-E6EE352F5C0E}.AppStore|Any CPU.ActiveCfg = Debug|Any CPU
		{AF7336D4-D42C-4831-9BA5-E6EE352F5C0E}.AppStore|Any CPU.Build.0 = Debug|Any CPU
		{AF7336D4-D42C-4831-9BA5-E6EE352F5C0E}.AppStore|ARM.ActiveCfg = Debug|Any CPU
		{AF7336D4-D42C-4831-9BA5-E6EE352F5C0E}.AppStore|ARM.Build.0 = Debug|Any CPU
		{AF7336D4-D42C-4831-9BA5-E6EE352F5C0E}.AppStore|ARM64.ActiveCfg = Debug|Any CPU
		{AF7336D4-D42C-4831-9BA5-E6EE352F5C0E}.AppStore|ARM64.Build.0 = Debug|Any CPU
		{AF7336D4-D42C-4831-9BA5-E6EE352F5C0E}.AppStore|iPhone.ActiveCfg = Debug|Any CPU
		{AF7336D4-D42C-4831-9BA5-E6EE352F5C0E}.AppStore|iPhone.Build.0 = Debug|Any CPU
		{AF7336D4-D42C-4831-9BA5-E6EE352F5C0E}.AppStore|iPhoneSimulator.ActiveCfg = Debug|Any CPU
		{AF7336D4-D42C-4831-9BA5-E6EE352F5C0E}.AppStore|iPhoneSimulator.Build.0 = Debug|Any CPU
		{AF7336D4-D42C-4831-9BA5-E6EE352F5C0E}.AppStore|x64.ActiveCfg = Debug|Any CPU
		{AF7336D4-D42C-4831-9BA5-E6EE352F5C0E}.AppStore|x64.Build.0 = Debug|Any CPU
		{AF7336D4-D42C-4831-9BA5-E6EE352F5C0E}.AppStore|x86.ActiveCfg = Debug|Any CPU
		{AF7336D4-D42C-4831-9BA5-E6EE352F5C0E}.AppStore|x86.Build.0 = Debug|Any CPU
		{AF7336D4-D42C-4831-9BA5-E6EE352F5C0E}.Debug|Any CPU.ActiveCfg = Debug|Any CPU
		{AF7336D4-D42C-4831-9BA5-E6EE352F5C0E}.Debug|Any CPU.Build.0 = Debug|Any CPU
		{AF7336D4-D42C-4831-9BA5-E6EE352F5C0E}.Debug|ARM.ActiveCfg = Debug|Any CPU
		{AF7336D4-D42C-4831-9BA5-E6EE352F5C0E}.Debug|ARM.Build.0 = Debug|Any CPU
		{AF7336D4-D42C-4831-9BA5-E6EE352F5C0E}.Debug|ARM64.ActiveCfg = Debug|Any CPU
		{AF7336D4-D42C-4831-9BA5-E6EE352F5C0E}.Debug|ARM64.Build.0 = Debug|Any CPU
		{AF7336D4-D42C-4831-9BA5-E6EE352F5C0E}.Debug|iPhone.ActiveCfg = Debug|Any CPU
		{AF7336D4-D42C-4831-9BA5-E6EE352F5C0E}.Debug|iPhone.Build.0 = Debug|Any CPU
		{AF7336D4-D42C-4831-9BA5-E6EE352F5C0E}.Debug|iPhoneSimulator.ActiveCfg = Debug|Any CPU
		{AF7336D4-D42C-4831-9BA5-E6EE352F5C0E}.Debug|iPhoneSimulator.Build.0 = Debug|Any CPU
		{AF7336D4-D42C-4831-9BA5-E6EE352F5C0E}.Debug|x64.ActiveCfg = Debug|Any CPU
		{AF7336D4-D42C-4831-9BA5-E6EE352F5C0E}.Debug|x64.Build.0 = Debug|Any CPU
		{AF7336D4-D42C-4831-9BA5-E6EE352F5C0E}.Debug|x86.ActiveCfg = Debug|Any CPU
		{AF7336D4-D42C-4831-9BA5-E6EE352F5C0E}.Debug|x86.Build.0 = Debug|Any CPU
		{AF7336D4-D42C-4831-9BA5-E6EE352F5C0E}.Release|Any CPU.ActiveCfg = Release|Any CPU
		{AF7336D4-D42C-4831-9BA5-E6EE352F5C0E}.Release|Any CPU.Build.0 = Release|Any CPU
		{AF7336D4-D42C-4831-9BA5-E6EE352F5C0E}.Release|ARM.ActiveCfg = Release|Any CPU
		{AF7336D4-D42C-4831-9BA5-E6EE352F5C0E}.Release|ARM.Build.0 = Release|Any CPU
		{AF7336D4-D42C-4831-9BA5-E6EE352F5C0E}.Release|ARM64.ActiveCfg = Release|Any CPU
		{AF7336D4-D42C-4831-9BA5-E6EE352F5C0E}.Release|ARM64.Build.0 = Release|Any CPU
		{AF7336D4-D42C-4831-9BA5-E6EE352F5C0E}.Release|iPhone.ActiveCfg = Release|Any CPU
		{AF7336D4-D42C-4831-9BA5-E6EE352F5C0E}.Release|iPhone.Build.0 = Release|Any CPU
		{AF7336D4-D42C-4831-9BA5-E6EE352F5C0E}.Release|iPhoneSimulator.ActiveCfg = Release|Any CPU
		{AF7336D4-D42C-4831-9BA5-E6EE352F5C0E}.Release|iPhoneSimulator.Build.0 = Release|Any CPU
		{AF7336D4-D42C-4831-9BA5-E6EE352F5C0E}.Release|x64.ActiveCfg = Release|Any CPU
		{AF7336D4-D42C-4831-9BA5-E6EE352F5C0E}.Release|x64.Build.0 = Release|Any CPU
		{AF7336D4-D42C-4831-9BA5-E6EE352F5C0E}.Release|x86.ActiveCfg = Release|Any CPU
		{AF7336D4-D42C-4831-9BA5-E6EE352F5C0E}.Release|x86.Build.0 = Release|Any CPU
	EndGlobalSection
	GlobalSection(SolutionProperties) = preSolution
		HideSolutionNode = FALSE
	EndGlobalSection
	GlobalSection(NestedProjects) = preSolution
		{BB0ADAA5-9219-445F-8C88-56EDD16E55E0} = {D1A9C073-544B-49C6-82AB-1A38053E24D7}
		{40C64808-545C-4764-89DD-E1C26E516144} = {D1A9C073-544B-49C6-82AB-1A38053E24D7}
		{460ACF05-92BB-457B-A73B-0BF6F647E276} = {D1A9C073-544B-49C6-82AB-1A38053E24D7}
		{290BD9DE-9A29-4881-8CFA-AFFF63536120} = {D1A9C073-544B-49C6-82AB-1A38053E24D7}
		{9885D6B9-13B3-47DF-B651-69F12568C42A} = {D1A9C073-544B-49C6-82AB-1A38053E24D7}
		{1918C448-AC29-4097-8906-3F1AFB3699CB} = {D1A9C073-544B-49C6-82AB-1A38053E24D7}
		{670C9775-BAA8-492C-9B29-C1B9B07AAAE4} = {D1A9C073-544B-49C6-82AB-1A38053E24D7}
		{54034292-3698-4B3C-90D9-76CD6E51357F} = {D1A9C073-544B-49C6-82AB-1A38053E24D7}
		{AF7336D4-D42C-4831-9BA5-E6EE352F5C0E} = {D1A9C073-544B-49C6-82AB-1A38053E24D7}
	EndGlobalSection
	GlobalSection(ExtensibilityGlobals) = postSolution
		SolutionGuid = {7A0B1CC5-29A2-451A-8A4A-73B2B11B9D00}
	EndGlobalSection
EndGlobal
